
Microsoft Visual Studio Solution File, Format Version 12.00
# Visual Studio Version 16
VisualStudioVersion = 16.0.30717.126
MinimumVisualStudioVersion = 10.0.40219.1
Project("{FAE04EC0-301F-11D3-BF4B-00C04F79EFBC}") = "Pantea_Andrei_Daniel_Lab8", "Pantea_Andrei_Daniel_Lab8.csproj", "{0E2E4E96-C689-4B62-94F0-BAF81F07282C}"
EndProject
Global
	GlobalSection(SolutionConfigurationPlatforms) = preSolution
		Debug|Any CPU = Debug|Any CPU
		Release|Any CPU = Release|Any CPU
	EndGlobalSection
	GlobalSection(ProjectConfigurationPlatforms) = postSolution
		{0E2E4E96-C689-4B62-94F0-BAF81F07282C}.Debug|Any CPU.ActiveCfg = Debug|Any CPU
		{0E2E4E96-C689-4B62-94F0-BAF81F07282C}.Debug|Any CPU.Build.0 = Debug|Any CPU
		{0E2E4E96-C689-4B62-94F0-BAF81F07282C}.Release|Any CPU.ActiveCfg = Release|Any CPU
		{0E2E4E96-C689-4B62-94F0-BAF81F07282C}.Release|Any CPU.Build.0 = Release|Any CPU
	EndGlobalSection
	GlobalSection(SolutionProperties) = preSolution
		HideSolutionNode = FALSE
	EndGlobalSection
	GlobalSection(ExtensibilityGlobals) = postSolution
		SolutionGuid = {52E95DF8-9DCA-4479-B435-E838252FD89B}
	EndGlobalSection
EndGlobal
